// !$*UTF8*$!
{
	archiveVersion = 1;
	classes = {
	};
	objectVersion = 46;
	objects = {

/* Begin PBXBuildFile section */
		AE519B1C1A6604B600AF8070 /* main.m in Sources */ = {isa = PBXBuildFile; fileRef = AE519B1B1A6604B600AF8070 /* main.m */; };
		AE519B1F1A6604B600AF8070 /* AppDelegate.m in Sources */ = {isa = PBXBuildFile; fileRef = AE519B1E1A6604B600AF8070 /* AppDelegate.m */; };
		AE519B221A6604B600AF8070 /* ViewController.m in Sources */ = {isa = PBXBuildFile; fileRef = AE519B211A6604B600AF8070 /* ViewController.m */; };
		AE519B251A6604B600AF8070 /* Main.storyboard in Resources */ = {isa = PBXBuildFile; fileRef = AE519B231A6604B600AF8070 /* Main.storyboard */; };
		AE519B271A6604B600AF8070 /* Images.xcassets in Resources */ = {isa = PBXBuildFile; fileRef = AE519B261A6604B600AF8070 /* Images.xcassets */; };
		AE519B2A1A6604B600AF8070 /* LaunchScreen.xib in Resources */ = {isa = PBXBuildFile; fileRef = AE519B281A6604B600AF8070 /* LaunchScreen.xib */; };
		AE519B361A6604B600AF8070 /* BugsEverywhereTests.m in Sources */ = {isa = PBXBuildFile; fileRef = AE519B351A6604B600AF8070 /* BugsEverywhereTests.m */; };
/* End PBXBuildFile section */

/* Begin PBXContainerItemProxy section */
		AE519B301A6604B600AF8070 /* PBXContainerItemProxy */ = {
			isa = PBXContainerItemProxy;
			containerPortal = AE519B0E1A6604B600AF8070 /* Project object */;
			proxyType = 1;
			remoteGlobalIDString = AE519B151A6604B600AF8070;
			remoteInfo = BugsEverywhere;
		};
/* End PBXContainerItemProxy section */

/* Begin PBXFileReference section */
		AE519B161A6604B600AF8070 /* BugsEverywhere.app */ = {isa = PBXFileReference; explicitFileType = wrapper.application; includeInIndex = 0; path = BugsEverywhere.app; sourceTree = BUILT_PRODUCTS_DIR; };
		AE519B1A1A6604B600AF8070 /* Info.plist */ = {isa = PBXFileReference; lastKnownFileType = text.plist.xml; path = Info.plist; sourceTree = "<group>"; };
		AE519B1B1A6604B600AF8070 /* main.m */ = {isa = PBXFileReference; lastKnownFileType = sourcecode.c.objc; path = main.m; sourceTree = "<group>"; };
		AE519B1D1A6604B600AF8070 /* AppDelegate.h */ = {isa = PBXFileReference; lastKnownFileType = sourcecode.c.h; path = AppDelegate.h; sourceTree = "<group>"; };
		AE519B1E1A6604B600AF8070 /* AppDelegate.m */ = {isa = PBXFileReference; lastKnownFileType = sourcecode.c.objc; path = AppDelegate.m; sourceTree = "<group>"; };
		AE519B201A6604B600AF8070 /* ViewController.h */ = {isa = PBXFileReference; lastKnownFileType = sourcecode.c.h; path = ViewController.h; sourceTree = "<group>"; };
		AE519B211A6604B600AF8070 /* ViewController.m */ = {isa = PBXFileReference; lastKnownFileType = sourcecode.c.objc; path = ViewController.m; sourceTree = "<group>"; };
		AE519B241A6604B600AF8070 /* Base */ = {isa = PBXFileReference; lastKnownFileType = file.storyboard; name = Base; path = Base.lproj/Main.storyboard; sourceTree = "<group>"; };
		AE519B261A6604B600AF8070 /* Images.xcassets */ = {isa = PBXFileReference; lastKnownFileType = folder.assetcatalog; path = Images.xcassets; sourceTree = "<group>"; };
		AE519B291A6604B600AF8070 /* Base */ = {isa = PBXFileReference; lastKnownFileType = file.xib; name = Base; path = Base.lproj/LaunchScreen.xib; sourceTree = "<group>"; };
		AE519B2F1A6604B600AF8070 /* BugsEverywhereTests.xctest */ = {isa = PBXFileReference; explicitFileType = wrapper.cfbundle; includeInIndex = 0; path = BugsEverywhereTests.xctest; sourceTree = BUILT_PRODUCTS_DIR; };
		AE519B341A6604B600AF8070 /* Info.plist */ = {isa = PBXFileReference; lastKnownFileType = text.plist.xml; path = Info.plist; sourceTree = "<group>"; };
		AE519B351A6604B600AF8070 /* BugsEverywhereTests.m */ = {isa = PBXFileReference; lastKnownFileType = sourcecode.c.objc; path = BugsEverywhereTests.m; sourceTree = "<group>"; };
/* End PBXFileReference section */

/* Begin PBXFrameworksBuildPhase section */
		AE519B131A6604B600AF8070 /* Frameworks */ = {
			isa = PBXFrameworksBuildPhase;
			buildActionMask = 2147483647;
			files = (
			);
			runOnlyForDeploymentPostprocessing = 0;
		};
		AE519B2C1A6604B600AF8070 /* Frameworks */ = {
			isa = PBXFrameworksBuildPhase;
			buildActionMask = 2147483647;
			files = (
			);
			runOnlyForDeploymentPostprocessing = 0;
		};
/* End PBXFrameworksBuildPhase section */

/* Begin PBXGroup section */
		AE519B0D1A6604B600AF8070 = {
			isa = PBXGroup;
			children = (
				AE519B181A6604B600AF8070 /* BugsEverywhere */,
				AE519B321A6604B600AF8070 /* BugsEverywhereTests */,
				AE519B171A6604B600AF8070 /* Products */,
			);
			sourceTree = "<group>";
		};
		AE519B171A6604B600AF8070 /* Products */ = {
			isa = PBXGroup;
			children = (
				AE519B161A6604B600AF8070 /* BugsEverywhere.app */,
				AE519B2F1A6604B600AF8070 /* BugsEverywhereTests.xctest */,
			);
			name = Products;
			sourceTree = "<group>";
		};
		AE519B181A6604B600AF8070 /* BugsEverywhere */ = {
			isa = PBXGroup;
			children = (
				AE519B1D1A6604B600AF8070 /* AppDelegate.h */,
				AE519B1E1A6604B600AF8070 /* AppDelegate.m */,
				AE519B201A6604B600AF8070 /* ViewController.h */,
				AE519B211A6604B600AF8070 /* ViewController.m */,
				AE519B231A6604B600AF8070 /* Main.storyboard */,
				AE519B261A6604B600AF8070 /* Images.xcassets */,
				AE519B281A6604B600AF8070 /* LaunchScreen.xib */,
				AE519B191A6604B600AF8070 /* Supporting Files */,
			);
			path = BugsEverywhere;
			sourceTree = "<group>";
		};
		AE519B191A6604B600AF8070 /* Supporting Files */ = {
			isa = PBXGroup;
			children = (
				AE519B1A1A6604B600AF8070 /* Info.plist */,
				AE519B1B1A6604B600AF8070 /* main.m */,
			);
			name = "Supporting Files";
			sourceTree = "<group>";
		};
		AE519B321A6604B600AF8070 /* BugsEverywhereTests */ = {
			isa = PBXGroup;
			children = (
				AE519B351A6604B600AF8070 /* BugsEverywhereTests.m */,
				AE519B331A6604B600AF8070 /* Supporting Files */,
			);
			path = BugsEverywhereTests;
			sourceTree = "<group>";
		};
		AE519B331A6604B600AF8070 /* Supporting Files */ = {
			isa = PBXGroup;
			children = (
				AE519B341A6604B600AF8070 /* Info.plist */,
			);
			name = "Supporting Files";
			sourceTree = "<group>";
		};
/* End PBXGroup section */

/* Begin PBXNativeTarget section */
		AE519B151A6604B600AF8070 /* BugsEverywhere */ = {
			isa = PBXNativeTarget;
			buildConfigurationList = AE519B391A6604B600AF8070 /* Build configuration list for PBXNativeTarget "BugsEverywhere" */;
			buildPhases = (
				AE519B121A6604B600AF8070 /* Sources */,
				AE519B131A6604B600AF8070 /* Frameworks */,
				AE519B141A6604B600AF8070 /* Resources */,
			);
			buildRules = (
			);
			dependencies = (
			);
			name = BugsEverywhere;
			productName = BugsEverywhere;
			productReference = AE519B161A6604B600AF8070 /* BugsEverywhere.app */;
			productType = "com.apple.product-type.application";
		};
		AE519B2E1A6604B600AF8070 /* BugsEverywhereTests */ = {
			isa = PBXNativeTarget;
			buildConfigurationList = AE519B3C1A6604B600AF8070 /* Build configuration list for PBXNativeTarget "BugsEverywhereTests" */;
			buildPhases = (
				AE519B2B1A6604B600AF8070 /* Sources */,
				AE519B2C1A6604B600AF8070 /* Frameworks */,
				AE519B2D1A6604B600AF8070 /* Resources */,
			);
			buildRules = (
			);
			dependencies = (
				AE519B311A6604B600AF8070 /* PBXTargetDependency */,
			);
			name = BugsEverywhereTests;
			productName = BugsEverywhereTests;
			productReference = AE519B2F1A6604B600AF8070 /* BugsEverywhereTests.xctest */;
			productType = "com.apple.product-type.bundle.unit-test";
		};
/* End PBXNativeTarget section */

/* Begin PBXProject section */
		AE519B0E1A6604B600AF8070 /* Project object */ = {
			isa = PBXProject;
			attributes = {
				LastUpgradeCheck = 0610;
				ORGANIZATIONNAME = MSCline;
				TargetAttributes = {
					AE519B151A6604B600AF8070 = {
						CreatedOnToolsVersion = 6.1.1;
					};
					AE519B2E1A6604B600AF8070 = {
						CreatedOnToolsVersion = 6.1.1;
						TestTargetID = AE519B151A6604B600AF8070;
					};
				};
			};
			buildConfigurationList = AE519B111A6604B600AF8070 /* Build configuration list for PBXProject "BugsEverywhere" */;
			compatibilityVersion = "Xcode 3.2";
			developmentRegion = English;
			hasScannedForEncodings = 0;
			knownRegions = (
				en,
				Base,
			);
			mainGroup = AE519B0D1A6604B600AF8070;
			productRefGroup = AE519B171A6604B600AF8070 /* Products */;
			projectDirPath = "";
			projectRoot = "";
			targets = (
				AE519B151A6604B600AF8070 /* BugsEverywhere */,
				AE519B2E1A6604B600AF8070 /* BugsEverywhereTests */,
			);
		};
/* End PBXProject section */

/* Begin PBXResourcesBuildPhase section */
		AE519B141A6604B600AF8070 /* Resources */ = {
			isa = PBXResourcesBuildPhase;
			buildActionMask = 2147483647;
			files = (
				AE519B251A6604B600AF8070 /* Main.storyboard in Resources */,
				AE519B2A1A6604B600AF8070 /* LaunchScreen.xib in Resources */,
				AE519B271A6604B600AF8070 /* Images.xcassets in Resources */,
			);
			runOnlyForDeploymentPostprocessing = 0;
		};
		AE519B2D1A6604B600AF8070 /* Resources */ = {
			isa = PBXResourcesBuildPhase;
			buildActionMask = 2147483647;
			files = (
			);
			runOnlyForDeploymentPostprocessing = 0;
		};
/* End PBXResourcesBuildPhase section */

/* Begin PBXSourcesBuildPhase section */
		AE519B121A6604B600AF8070 /* Sources */ = {
			isa = PBXSourcesBuildPhase;
			buildActionMask = 2147483647;
			files = (
				AE519B221A6604B600AF8070 /* ViewController.m in Sources */,
				AE519B1F1A6604B600AF8070 /* AppDelegate.m in Sources */,
				AE519B1C1A6604B600AF8070 /* main.m in Sources */,
			);
			runOnlyForDeploymentPostprocessing = 0;
		};
		AE519B2B1A6604B600AF8070 /* Sources */ = {
			isa = PBXSourcesBuildPhase;
			buildActionMask = 2147483647;
			files = (
				AE519B361A6604B600AF8070 /* BugsEverywhereTests.m in Sources */,
			);
			runOnlyForDeploymentPostprocessing = 0;
		};
/* End PBXSourcesBuildPhase section */

/* Begin PBXTargetDependency section */
		AE519B311A6604B600AF8070 /* PBXTargetDependency */ = {
			isa = PBXTargetDependency;
			target = AE519B151A6604B600AF8070 /* BugsEverywhere */;
			targetProxy = AE519B301A6604B600AF8070 /* PBXContainerItemProxy */;
		};
/* End PBXTargetDependency section */

/* Begin PBXVariantGroup section */
		AE519B231A6604B600AF8070 /* Main.storyboard */ = {
			isa = PBXVariantGroup;
			children = (
				AE519B241A6604B600AF8070 /* Base */,
			);
			name = Main.storyboard;
			sourceTree = "<group>";
		};
		AE519B281A6604B600AF8070 /* LaunchScreen.xib */ = {
			isa = PBXVariantGroup;
			children = (
				AE519B291A6604B600AF8070 /* Base */,
			);
			name = LaunchScreen.xib;
			sourceTree = "<group>";
		};
/* End PBXVariantGroup section */

/* Begin XCBuildConfiguration section */
		AE519B371A6604B600AF8070 /* Debug */ = {
			isa = XCBuildConfiguration;
			buildSettings = {
				ALWAYS_SEARCH_USER_PATHS = NO;
				CLANG_CXX_LANGUAGE_STANDARD = "gnu++0x";
				CLANG_CXX_LIBRARY = "libc++";
				CLANG_ENABLE_MODULES = YES;
				CLANG_ENABLE_OBJC_ARC = YES;
				CLANG_WARN_BOOL_CONVERSION = YES;
				CLANG_WARN_CONSTANT_CONVERSION = YES;
				CLANG_WARN_DIRECT_OBJC_ISA_USAGE = YES_ERROR;
				CLANG_WARN_EMPTY_BODY = YES;
				CLANG_WARN_ENUM_CONVERSION = YES;
				CLANG_WARN_INT_CONVERSION = YES;
				CLANG_WARN_OBJC_ROOT_CLASS = YES_ERROR;
				CLANG_WARN_UNREACHABLE_CODE = YES;
				CLANG_WARN__DUPLICATE_METHOD_MATCH = YES;
				"CODE_SIGN_IDENTITY[sdk=iphoneos*]" = "iPhone Developer";
				COPY_PHASE_STRIP = NO;
				ENABLE_STRICT_OBJC_MSGSEND = YES;
				GCC_C_LANGUAGE_STANDARD = gnu99;
				GCC_DYNAMIC_NO_PIC = NO;
				GCC_OPTIMIZATION_LEVEL = 0;
				GCC_PREPROCESSOR_DEFINITIONS = (
					"DEBUG=1",
					"$(inherited)",
				);
				GCC_SYMBOLS_PRIVATE_EXTERN = NO;
				GCC_WARN_64_TO_32_BIT_CONVERSION = YES;
				GCC_WARN_ABOUT_RETURN_TYPE = YES_ERROR;
				GCC_WARN_UNDECLARED_SELECTOR = YES;
				GCC_WARN_UNINITIALIZED_AUTOS = YES_AGGRESSIVE;
				GCC_WARN_UNUSED_FUNCTION = YES;
				GCC_WARN_UNUSED_VARIABLE = YES;
				IPHONEOS_DEPLOYMENT_TARGET = 8.1;
				MTL_ENABLE_DEBUG_INFO = YES;
				ONLY_ACTIVE_ARCH = YES;
				SDKROOT = iphoneos;
			};
			name = Debug;
		};
		AE519B381A6604B600AF8070 /* Release */ = {
			isa = XCBuildConfiguration;
			buildSettings = {
				ALWAYS_SEARCH_USER_PATHS = NO;
				CLANG_CXX_LANGUAGE_STANDARD = "gnu++0x";
				CLANG_CXX_LIBRARY = "libc++";
				CLANG_ENABLE_MODULES = YES;
				CLANG_ENABLE_OBJC_ARC = YES;
				CLANG_WARN_BOOL_CONVERSION = YES;
				CLANG_WARN_CONSTANT_CONVERSION = YES;
				CLANG_WARN_DIRECT_OBJC_ISA_USAGE = YES_ERROR;
				CLANG_WARN_EMPTY_BODY = YES;
				CLANG_WARN_ENUM_CONVERSION = YES;
				CLANG_WARN_INT_CONVERSION = YES;
				CLANG_WARN_OBJC_ROOT_CLASS = YES_ERROR;
				CLANG_WARN_UNREACHABLE_CODE = YES;
				CLANG_WARN__DUPLICATE_METHOD_MATCH = YES;
				"CODE_SIGN_IDENTITY[sdk=iphoneos*]" = "iPhone Developer";
				COPY_PHASE_STRIP = YES;
				ENABLE_NS_ASSERTIONS = NO;
				ENABLE_STRICT_OBJC_MSGSEND = YES;
				GCC_C_LANGUAGE_STANDARD = gnu99;
				GCC_WARN_64_TO_32_BIT_CONVERSION = YES;
				GCC_WARN_ABOUT_RETURN_TYPE = YES_ERROR;
				GCC_WARN_UNDECLARED_SELECTOR = YES;
				GCC_WARN_UNINITIALIZED_AUTOS = YES_AGGRESSIVE;
				GCC_WARN_UNUSED_FUNCTION = YES;
				GCC_WARN_UNUSED_VARIABLE = YES;
				IPHONEOS_DEPLOYMENT_TARGET = 8.1;
				MTL_ENABLE_DEBUG_INFO = NO;
				SDKROOT = iphoneos;
				VALIDATE_PRODUCT = YES;
			};
			name = Release;
		};
		AE519B3A1A6604B600AF8070 /* Debug */ = {
			isa = XCBuildConfiguration;
			buildSettings = {
				ASSETCATALOG_COMPILER_APPICON_NAME = AppIcon;
				INFOPLIST_FILE = BugsEverywhere/Info.plist;
				LD_RUNPATH_SEARCH_PATHS = "$(inherited) @executable_path/Frameworks";
				PRODUCT_NAME = "$(TARGET_NAME)";
			};
			name = Debug;
		};
		AE519B3B1A6604B600AF8070 /* Release */ = {
			isa = XCBuildConfiguration;
			buildSettings = {
				ASSETCATALOG_COMPILER_APPICON_NAME = AppIcon;
				INFOPLIST_FILE = BugsEverywhere/Info.plist;
				LD_RUNPATH_SEARCH_PATHS = "$(inherited) @executable_path/Frameworks";
				PRODUCT_NAME = "$(TARGET_NAME)";
			};
			name = Release;
		};
		AE519B3D1A6604B600AF8070 /* Debug */ = {
			isa = XCBuildConfiguration;
			buildSettings = {
				BUNDLE_LOADER = "$(TEST_HOST)";
				FRAMEWORK_SEARCH_PATHS = (
					"$(SDKROOT)/Developer/Library/Frameworks",
					"$(inherited)",
				);
				GCC_PREPROCESSOR_DEFINITIONS = (
					"DEBUG=1",
					"$(inherited)",
				);
				INFOPLIST_FILE = BugsEverywhereTests/Info.plist;
				LD_RUNPATH_SEARCH_PATHS = "$(inherited) @executable_path/Frameworks @loader_path/Frameworks";
				PRODUCT_NAME = "$(TARGET_NAME)";
				TEST_HOST = "$(BUILT_PRODUCTS_DIR)/BugsEverywhere.app/BugsEverywhere";
			};
			name = Debug;
		};
		AE519B3E1A6604B600AF8070 /* Release */ = {
			isa = XCBuildConfiguration;
			buildSettings = {
				BUNDLE_LOADER = "$(TEST_HOST)";
				FRAMEWORK_SEARCH_PATHS = (
					"$(SDKROOT)/Developer/Library/Frameworks",
					"$(inherited)",
				);
				INFOPLIST_FILE = BugsEverywhereTests/Info.plist;
				LD_RUNPATH_SEARCH_PATHS = "$(inherited) @executable_path/Frameworks @loader_path/Frameworks";
				PRODUCT_NAME = "$(TARGET_NAME)";
				TEST_HOST = "$(BUILT_PRODUCTS_DIR)/BugsEverywhere.app/BugsEverywhere";
			};
			name = Release;
		};
/* End XCBuildConfiguration section */

/* Begin XCConfigurationList section */
		AE519B111A6604B600AF8070 /* Build configuration list for PBXProject "BugsEverywhere" */ = {
			isa = XCConfigurationList;
			buildConfigurations = (
				AE519B371A6604B600AF8070 /* Debug */,
				AE519B381A6604B600AF8070 /* Release */,
			);
			defaultConfigurationIsVisible = 0;
			defaultConfigurationName = Release;
		};
		AE519B391A6604B600AF8070 /* Build configuration list for PBXNativeTarget "BugsEverywhere" */ = {
			isa = XCConfigurationList;
			buildConfigurations = (
				AE519B3A1A6604B600AF8070 /* Debug */,
				AE519B3B1A6604B600AF8070 /* Release */,
			);
			defaultConfigurationIsVisible = 0;
		};
		AE519B3C1A6604B600AF8070 /* Build configuration list for PBXNativeTarget "BugsEverywhereTests" */ = {
			isa = XCConfigurationList;
			buildConfigurations = (
				AE519B3D1A6604B600AF8070 /* Debug */,
				AE519B3E1A6604B600AF8070 /* Release */,
			);
			defaultConfigurationIsVisible = 0;
		};
/* End XCConfigurationList section */
	};
	rootObject = AE519B0E1A6604B600AF8070 /* Project object */;
}
